
Microsoft Visual Studio Solution File, Format Version 12.00
# Visual Studio 14
VisualStudioVersion = 14.0.25420.1
MinimumVisualStudioVersion = 10.0.40219.1
Project("{8BC9CEB8-8B4A-11D0-8D11-00A0C91BC942}") = "MyFirstProject", "MyFirstProject\MyFirstProject.vcxproj", "{1C4B76C1-407D-4642-AF78-4908E483100E}"
EndProject
Project("{8BC9CEB8-8B4A-11D0-8D11-00A0C91BC942}") = "DistanceBetweenPoints", "DistanceBetweenPoints\DistanceBetweenPoints.vcxproj", "{6FA9F9B8-CD0E-4B8F-8032-8746489890F2}"
EndProject
Project("{8BC9CEB8-8B4A-11D0-8D11-00A0C91BC942}") = "PointClass", "PointClass\PointClass.vcxproj", "{F0CD22ED-DC68-4DDA-92A4-E51313AEBAE3}"
EndProject
Global
	GlobalSection(SolutionConfigurationPlatforms) = preSolution
		Debug|x64 = Debug|x64
		Debug|x86 = Debug|x86
		Release|x64 = Release|x64
		Release|x86 = Release|x86
	EndGlobalSection
	GlobalSection(ProjectConfigurationPlatforms) = postSolution
		{1C4B76C1-407D-4642-AF78-4908E483100E}.Debug|x64.ActiveCfg = Debug|x64
		{1C4B76C1-407D-4642-AF78-4908E483100E}.Debug|x64.Build.0 = Debug|x64
		{1C4B76C1-407D-4642-AF78-4908E483100E}.Debug|x86.ActiveCfg = Debug|Win32
		{1C4B76C1-407D-4642-AF78-4908E483100E}.Debug|x86.Build.0 = Debug|Win32
		{1C4B76C1-407D-4642-AF78-4908E483100E}.Release|x64.ActiveCfg = Release|x64
		{1C4B76C1-407D-4642-AF78-4908E483100E}.Release|x64.Build.0 = Release|x64
		{1C4B76C1-407D-4642-AF78-4908E483100E}.Release|x86.ActiveCfg = Release|Win32
		{1C4B76C1-407D-4642-AF78-4908E483100E}.Release|x86.Build.0 = Release|Win32
		{6FA9F9B8-CD0E-4B8F-8032-8746489890F2}.Debug|x64.ActiveCfg = Debug|x64
		{6FA9F9B8-CD0E-4B8F-8032-8746489890F2}.Debug|x64.Build.0 = Debug|x64
		{6FA9F9B8-CD0E-4B8F-8032-8746489890F2}.Debug|x86.ActiveCfg = Debug|Win32
		{6FA9F9B8-CD0E-4B8F-8032-8746489890F2}.Debug|x86.Build.0 = Debug|Win32
		{6FA9F9B8-CD0E-4B8F-8032-8746489890F2}.Release|x64.ActiveCfg = Release|x64
		{6FA9F9B8-CD0E-4B8F-8032-8746489890F2}.Release|x64.Build.0 = Release|x64
		{6FA9F9B8-CD0E-4B8F-8032-8746489890F2}.Release|x86.ActiveCfg = Release|Win32
		{6FA9F9B8-CD0E-4B8F-8032-8746489890F2}.Release|x86.Build.0 = Release|Win32
		{F0CD22ED-DC68-4DDA-92A4-E51313AEBAE3}.Debug|x64.ActiveCfg = Debug|x64
		{F0CD22ED-DC68-4DDA-92A4-E51313AEBAE3}.Debug|x64.Build.0 = Debug|x64
		{F0CD22ED-DC68-4DDA-92A4-E51313AEBAE3}.Debug|x86.ActiveCfg = Debug|Win32
		{F0CD22ED-DC68-4DDA-92A4-E51313AEBAE3}.Debug|x86.Build.0 = Debug|Win32
		{F0CD22ED-DC68-4DDA-92A4-E51313AEBAE3}.Release|x64.ActiveCfg = Release|x64
		{F0CD22ED-DC68-4DDA-92A4-E51313AEBAE3}.Release|x64.Build.0 = Release|x64
		{F0CD22ED-DC68-4DDA-92A4-E51313AEBAE3}.Release|x86.ActiveCfg = Release|Win32
		{F0CD22ED-DC68-4DDA-92A4-E51313AEBAE3}.Release|x86.Build.0 = Release|Win32
	EndGlobalSection
	GlobalSection(SolutionProperties) = preSolution
		HideSolutionNode = FALSE
	EndGlobalSection
EndGlobal
